// !$*UTF8*$!
{
	archiveVersion = 1;
	classes = {
	};
	objectVersion = 48;
	objects = {

/* Begin PBXBuildFile section */
		B6A460F31FBC5DD2000782B0 /* AppDelegate.swift in Sources */ = {isa = PBXBuildFile; fileRef = B6A460F21FBC5DD2000782B0 /* AppDelegate.swift */; };
		B6A460F51FBC5DD2000782B0 /* ViewController.swift in Sources */ = {isa = PBXBuildFile; fileRef = B6A460F41FBC5DD2000782B0 /* ViewController.swift */; };
		B6A460F81FBC5DD2000782B0 /* Main.storyboard in Resources */ = {isa = PBXBuildFile; fileRef = B6A460F61FBC5DD2000782B0 /* Main.storyboard */; };
		B6A460FA1FBC5DD2000782B0 /* Assets.xcassets in Resources */ = {isa = PBXBuildFile; fileRef = B6A460F91FBC5DD2000782B0 /* Assets.xcassets */; };
		B6A460FD1FBC5DD2000782B0 /* LaunchScreen.storyboard in Resources */ = {isa = PBXBuildFile; fileRef = B6A460FB1FBC5DD2000782B0 /* LaunchScreen.storyboard */; };
		B6EC9B441FBD93E000D16C6C /* Module1.swift in Sources */ = {isa = PBXBuildFile; fileRef = B6EC9B401FBD93E000D16C6C /* Module1.swift */; };
		B6EC9B451FBD93E000D16C6C /* Module2.swift in Sources */ = {isa = PBXBuildFile; fileRef = B6EC9B411FBD93E000D16C6C /* Module2.swift */; };
		B6EC9B461FBD93E000D16C6C /* Module3.swift in Sources */ = {isa = PBXBuildFile; fileRef = B6EC9B421FBD93E000D16C6C /* Module3.swift */; };
		B6EC9B471FBD93E000D16C6C /* Module4.swift in Sources */ = {isa = PBXBuildFile; fileRef = B6EC9B431FBD93E000D16C6C /* Module4.swift */; };
		B6EC9B4D1FBDA6D600D16C6C /* Module1Cell.swift in Sources */ = {isa = PBXBuildFile; fileRef = B6EC9B491FBDA6D600D16C6C /* Module1Cell.swift */; };
		B6EC9B4E1FBDA6D600D16C6C /* Module2Cell.swift in Sources */ = {isa = PBXBuildFile; fileRef = B6EC9B4A1FBDA6D600D16C6C /* Module2Cell.swift */; };
		B6EC9B4F1FBDA6D600D16C6C /* Module3Cell.swift in Sources */ = {isa = PBXBuildFile; fileRef = B6EC9B4B1FBDA6D600D16C6C /* Module3Cell.swift */; };
		B6EC9B501FBDA6D600D16C6C /* Module4Cell.swift in Sources */ = {isa = PBXBuildFile; fileRef = B6EC9B4C1FBDA6D600D16C6C /* Module4Cell.swift */; };
		F12B8B68F8F34F15C98DC8BE /* Pods_ModuleContainerExample.framework in Frameworks */ = {isa = PBXBuildFile; fileRef = 40CC0A672BA325BA93BE625C /* Pods_ModuleContainerExample.framework */; };
/* End PBXBuildFile section */

/* Begin PBXFileReference section */
		0893D421BEAA1560A323ABD7 /* Pods-ModuleContainerExample.release.xcconfig */ = {isa = PBXFileReference; includeInIndex = 1; lastKnownFileType = text.xcconfig; name = "Pods-ModuleContainerExample.release.xcconfig"; path = "Pods/Target Support Files/Pods-ModuleContainerExample/Pods-ModuleContainerExample.release.xcconfig"; sourceTree = "<group>"; };
		40CC0A672BA325BA93BE625C /* Pods_ModuleContainerExample.framework */ = {isa = PBXFileReference; explicitFileType = wrapper.framework; includeInIndex = 0; path = Pods_ModuleContainerExample.framework; sourceTree = BUILT_PRODUCTS_DIR; };
		57E5C8F68EBB0A18AC0702F7 /* Pods-ModuleContainerExample.debug.xcconfig */ = {isa = PBXFileReference; includeInIndex = 1; lastKnownFileType = text.xcconfig; name = "Pods-ModuleContainerExample.debug.xcconfig"; path = "Pods/Target Support Files/Pods-ModuleContainerExample/Pods-ModuleContainerExample.debug.xcconfig"; sourceTree = "<group>"; };
		B6A460EF1FBC5DD2000782B0 /* ModuleContainerExample.app */ = {isa = PBXFileReference; explicitFileType = wrapper.application; includeInIndex = 0; path = ModuleContainerExample.app; sourceTree = BUILT_PRODUCTS_DIR; };
		B6A460F21FBC5DD2000782B0 /* AppDelegate.swift */ = {isa = PBXFileReference; lastKnownFileType = sourcecode.swift; path = AppDelegate.swift; sourceTree = "<group>"; };
		B6A460F41FBC5DD2000782B0 /* ViewController.swift */ = {isa = PBXFileReference; lastKnownFileType = sourcecode.swift; path = ViewController.swift; sourceTree = "<group>"; };
		B6A460F71FBC5DD2000782B0 /* Base */ = {isa = PBXFileReference; lastKnownFileType = file.storyboard; name = Base; path = Base.lproj/Main.storyboard; sourceTree = "<group>"; };
		B6A460F91FBC5DD2000782B0 /* Assets.xcassets */ = {isa = PBXFileReference; lastKnownFileType = folder.assetcatalog; path = Assets.xcassets; sourceTree = "<group>"; };
		B6A460FC1FBC5DD2000782B0 /* Base */ = {isa = PBXFileReference; lastKnownFileType = file.storyboard; name = Base; path = Base.lproj/LaunchScreen.storyboard; sourceTree = "<group>"; };
		B6A460FE1FBC5DD2000782B0 /* Info.plist */ = {isa = PBXFileReference; lastKnownFileType = text.plist.xml; path = Info.plist; sourceTree = "<group>"; };
		B6EC9B401FBD93E000D16C6C /* Module1.swift */ = {isa = PBXFileReference; fileEncoding = 4; lastKnownFileType = sourcecode.swift; path = Module1.swift; sourceTree = "<group>"; };
		B6EC9B411FBD93E000D16C6C /* Module2.swift */ = {isa = PBXFileReference; fileEncoding = 4; lastKnownFileType = sourcecode.swift; path = Module2.swift; sourceTree = "<group>"; };
		B6EC9B421FBD93E000D16C6C /* Module3.swift */ = {isa = PBXFileReference; fileEncoding = 4; lastKnownFileType = sourcecode.swift; path = Module3.swift; sourceTree = "<group>"; };
		B6EC9B431FBD93E000D16C6C /* Module4.swift */ = {isa = PBXFileReference; fileEncoding = 4; lastKnownFileType = sourcecode.swift; path = Module4.swift; sourceTree = "<group>"; };
		B6EC9B491FBDA6D600D16C6C /* Module1Cell.swift */ = {isa = PBXFileReference; fileEncoding = 4; lastKnownFileType = sourcecode.swift; path = Module1Cell.swift; sourceTree = "<group>"; };
		B6EC9B4A1FBDA6D600D16C6C /* Module2Cell.swift */ = {isa = PBXFileReference; fileEncoding = 4; lastKnownFileType = sourcecode.swift; path = Module2Cell.swift; sourceTree = "<group>"; };
		B6EC9B4B1FBDA6D600D16C6C /* Module3Cell.swift */ = {isa = PBXFileReference; fileEncoding = 4; lastKnownFileType = sourcecode.swift; path = Module3Cell.swift; sourceTree = "<group>"; };
		B6EC9B4C1FBDA6D600D16C6C /* Module4Cell.swift */ = {isa = PBXFileReference; fileEncoding = 4; lastKnownFileType = sourcecode.swift; path = Module4Cell.swift; sourceTree = "<group>"; };
/* End PBXFileReference section */

/* Begin PBXFrameworksBuildPhase section */
		B6A460EC1FBC5DD2000782B0 /* Frameworks */ = {
			isa = PBXFrameworksBuildPhase;
			buildActionMask = 2147483647;
			files = (
				F12B8B68F8F34F15C98DC8BE /* Pods_ModuleContainerExample.framework in Frameworks */,
			);
			runOnlyForDeploymentPostprocessing = 0;
		};
/* End PBXFrameworksBuildPhase section */

/* Begin PBXGroup section */
		0764B1C2E9C5426C1681EEA8 /* Frameworks */ = {
			isa = PBXGroup;
			children = (
				40CC0A672BA325BA93BE625C /* Pods_ModuleContainerExample.framework */,
			);
			name = Frameworks;
			sourceTree = "<group>";
		};
		933F051933D4A5D63A09C6CD /* Pods */ = {
			isa = PBXGroup;
			children = (
				57E5C8F68EBB0A18AC0702F7 /* Pods-ModuleContainerExample.debug.xcconfig */,
				0893D421BEAA1560A323ABD7 /* Pods-ModuleContainerExample.release.xcconfig */,
			);
			name = Pods;
			sourceTree = "<group>";
		};
		B6A460E61FBC5DD2000782B0 = {
			isa = PBXGroup;
			children = (
				B6A460F11FBC5DD2000782B0 /* ModuleContainerExample */,
				B6A460F01FBC5DD2000782B0 /* Products */,
				933F051933D4A5D63A09C6CD /* Pods */,
				0764B1C2E9C5426C1681EEA8 /* Frameworks */,
			);
			sourceTree = "<group>";
		};
		B6A460F01FBC5DD2000782B0 /* Products */ = {
			isa = PBXGroup;
			children = (
				B6A460EF1FBC5DD2000782B0 /* ModuleContainerExample.app */,
			);
			name = Products;
			sourceTree = "<group>";
		};
		B6A460F11FBC5DD2000782B0 /* ModuleContainerExample */ = {
			isa = PBXGroup;
			children = (
				B6EC9B481FBDA6D600D16C6C /* Views */,
				B6EC9B3F1FBD93E000D16C6C /* Modules */,
				B6A460F21FBC5DD2000782B0 /* AppDelegate.swift */,
				B6A460F41FBC5DD2000782B0 /* ViewController.swift */,
				B6A460F61FBC5DD2000782B0 /* Main.storyboard */,
				B6A460F91FBC5DD2000782B0 /* Assets.xcassets */,
				B6A460FB1FBC5DD2000782B0 /* LaunchScreen.storyboard */,
				B6A460FE1FBC5DD2000782B0 /* Info.plist */,
			);
			path = ModuleContainerExample;
			sourceTree = "<group>";
		};
		B6EC9B3F1FBD93E000D16C6C /* Modules */ = {
			isa = PBXGroup;
			children = (
				B6EC9B401FBD93E000D16C6C /* Module1.swift */,
				B6EC9B411FBD93E000D16C6C /* Module2.swift */,
				B6EC9B421FBD93E000D16C6C /* Module3.swift */,
				B6EC9B431FBD93E000D16C6C /* Module4.swift */,
			);
			path = Modules;
			sourceTree = "<group>";
		};
		B6EC9B481FBDA6D600D16C6C /* Views */ = {
			isa = PBXGroup;
			children = (
				B6EC9B491FBDA6D600D16C6C /* Module1Cell.swift */,
				B6EC9B4A1FBDA6D600D16C6C /* Module2Cell.swift */,
				B6EC9B4B1FBDA6D600D16C6C /* Module3Cell.swift */,
				B6EC9B4C1FBDA6D600D16C6C /* Module4Cell.swift */,
			);
			path = Views;
			sourceTree = "<group>";
		};
/* End PBXGroup section */

/* Begin PBXNativeTarget section */
		B6A460EE1FBC5DD2000782B0 /* ModuleContainerExample */ = {
			isa = PBXNativeTarget;
			buildConfigurationList = B6A461011FBC5DD2000782B0 /* Build configuration list for PBXNativeTarget "ModuleContainerExample" */;
			buildPhases = (
				A8C4CEF008B5FC905B405C52 /* [CP] Check Pods Manifest.lock */,
				B6A460EB1FBC5DD2000782B0 /* Sources */,
				B6A460EC1FBC5DD2000782B0 /* Frameworks */,
				B6A460ED1FBC5DD2000782B0 /* Resources */,
				2EC97E996C3585CD6E59F394 /* [CP] Embed Pods Frameworks */,
				0BB0AF20CDE04838D9DB23AA /* [CP] Copy Pods Resources */,
			);
			buildRules = (
			);
			dependencies = (
			);
			name = ModuleContainerExample;
			productName = ModuleContainerExample;
			productReference = B6A460EF1FBC5DD2000782B0 /* ModuleContainerExample.app */;
			productType = "com.apple.product-type.application";
		};
/* End PBXNativeTarget section */

/* Begin PBXProject section */
		B6A460E71FBC5DD2000782B0 /* Project object */ = {
			isa = PBXProject;
			attributes = {
				LastSwiftUpdateCheck = 0910;
				LastUpgradeCheck = 0910;
				ORGANIZATIONNAME = com.yy.jeffery;
				TargetAttributes = {
					B6A460EE1FBC5DD2000782B0 = {
						CreatedOnToolsVersion = 9.1;
						ProvisioningStyle = Automatic;
					};
				};
			};
			buildConfigurationList = B6A460EA1FBC5DD2000782B0 /* Build configuration list for PBXProject "ModuleContainerExample" */;
			compatibilityVersion = "Xcode 8.0";
			developmentRegion = en;
			hasScannedForEncodings = 0;
			knownRegions = (
				en,
				Base,
			);
			mainGroup = B6A460E61FBC5DD2000782B0;
			productRefGroup = B6A460F01FBC5DD2000782B0 /* Products */;
			projectDirPath = "";
			projectRoot = "";
			targets = (
				B6A460EE1FBC5DD2000782B0 /* ModuleContainerExample */,
			);
		};
/* End PBXProject section */

/* Begin PBXResourcesBuildPhase section */
		B6A460ED1FBC5DD2000782B0 /* Resources */ = {
			isa = PBXResourcesBuildPhase;
			buildActionMask = 2147483647;
			files = (
				B6A460FD1FBC5DD2000782B0 /* LaunchScreen.storyboard in Resources */,
				B6A460FA1FBC5DD2000782B0 /* Assets.xcassets in Resources */,
				B6A460F81FBC5DD2000782B0 /* Main.storyboard in Resources */,
			);
			runOnlyForDeploymentPostprocessing = 0;
		};
/* End PBXResourcesBuildPhase section */

/* Begin PBXShellScriptBuildPhase section */
		0BB0AF20CDE04838D9DB23AA /* [CP] Copy Pods Resources */ = {
			isa = PBXShellScriptBuildPhase;
			buildActionMask = 2147483647;
			files = (
			);
			inputPaths = (
			);
			name = "[CP] Copy Pods Resources";
			outputPaths = (
			);
			runOnlyForDeploymentPostprocessing = 0;
			shellPath = /bin/sh;
			shellScript = "\"${SRCROOT}/Pods/Target Support Files/Pods-ModuleContainerExample/Pods-ModuleContainerExample-resources.sh\"\n";
			showEnvVarsInLog = 0;
		};
		2EC97E996C3585CD6E59F394 /* [CP] Embed Pods Frameworks */ = {
			isa = PBXShellScriptBuildPhase;
			buildActionMask = 2147483647;
			files = (
			);
			inputPaths = (
				"${SRCROOT}/Pods/Target Support Files/Pods-ModuleContainerExample/Pods-ModuleContainerExample-frameworks.sh",
				"${BUILT_PRODUCTS_DIR}/ModuleContainer/ModuleContainer.framework",
				"${BUILT_PRODUCTS_DIR}/RxCocoa/RxCocoa.framework",
				"${BUILT_PRODUCTS_DIR}/RxSwift/RxSwift.framework",
				"${BUILT_PRODUCTS_DIR}/SnapKit/SnapKit.framework",
			);
			name = "[CP] Embed Pods Frameworks";
			outputPaths = (
				"${TARGET_BUILD_DIR}/${FRAMEWORKS_FOLDER_PATH}/ModuleContainer.framework",
				"${TARGET_BUILD_DIR}/${FRAMEWORKS_FOLDER_PATH}/RxCocoa.framework",
				"${TARGET_BUILD_DIR}/${FRAMEWORKS_FOLDER_PATH}/RxSwift.framework",
				"${TARGET_BUILD_DIR}/${FRAMEWORKS_FOLDER_PATH}/SnapKit.framework",
			);
			runOnlyForDeploymentPostprocessing = 0;
			shellPath = /bin/sh;
			shellScript = "\"${SRCROOT}/Pods/Target Support Files/Pods-ModuleContainerExample/Pods-ModuleContainerExample-frameworks.sh\"\n";
			showEnvVarsInLog = 0;
		};
		A8C4CEF008B5FC905B405C52 /* [CP] Check Pods Manifest.lock */ = {
			isa = PBXShellScriptBuildPhase;
			buildActionMask = 2147483647;
			files = (
			);
			inputPaths = (
				"${PODS_PODFILE_DIR_PATH}/Podfile.lock",
				"${PODS_ROOT}/Manifest.lock",
			);
			name = "[CP] Check Pods Manifest.lock";
			outputPaths = (
				"$(DERIVED_FILE_DIR)/Pods-ModuleContainerExample-checkManifestLockResult.txt",
			);
			runOnlyForDeploymentPostprocessing = 0;
			shellPath = /bin/sh;
			shellScript = "diff \"${PODS_PODFILE_DIR_PATH}/Podfile.lock\" \"${PODS_ROOT}/Manifest.lock\" > /dev/null\nif [ $? != 0 ] ; then\n    # print error to STDERR\n    echo \"error: The sandbox is not in sync with the Podfile.lock. Run 'pod install' or update your CocoaPods installation.\" >&2\n    exit 1\nfi\n# This output is used by Xcode 'outputs' to avoid re-running this script phase.\necho \"SUCCESS\" > \"${SCRIPT_OUTPUT_FILE_0}\"\n";
			showEnvVarsInLog = 0;
		};
/* End PBXShellScriptBuildPhase section */

/* Begin PBXSourcesBuildPhase section */
		B6A460EB1FBC5DD2000782B0 /* Sources */ = {
			isa = PBXSourcesBuildPhase;
			buildActionMask = 2147483647;
			files = (
				B6EC9B451FBD93E000D16C6C /* Module2.swift in Sources */,
				B6EC9B461FBD93E000D16C6C /* Module3.swift in Sources */,
				B6EC9B501FBDA6D600D16C6C /* Module4Cell.swift in Sources */,
				B6EC9B4F1FBDA6D600D16C6C /* Module3Cell.swift in Sources */,
				B6A460F51FBC5DD2000782B0 /* ViewController.swift in Sources */,
				B6EC9B441FBD93E000D16C6C /* Module1.swift in Sources */,
				B6EC9B4E1FBDA6D600D16C6C /* Module2Cell.swift in Sources */,
				B6EC9B4D1FBDA6D600D16C6C /* Module1Cell.swift in Sources */,
				B6EC9B471FBD93E000D16C6C /* Module4.swift in Sources */,
				B6A460F31FBC5DD2000782B0 /* AppDelegate.swift in Sources */,
			);
			runOnlyForDeploymentPostprocessing = 0;
		};
/* End PBXSourcesBuildPhase section */

/* Begin PBXVariantGroup section */
		B6A460F61FBC5DD2000782B0 /* Main.storyboard */ = {
			isa = PBXVariantGroup;
			children = (
				B6A460F71FBC5DD2000782B0 /* Base */,
			);
			name = Main.storyboard;
			sourceTree = "<group>";
		};
		B6A460FB1FBC5DD2000782B0 /* LaunchScreen.storyboard */ = {
			isa = PBXVariantGroup;
			children = (
				B6A460FC1FBC5DD2000782B0 /* Base */,
			);
			name = LaunchScreen.storyboard;
			sourceTree = "<group>";
		};
/* End PBXVariantGroup section */

/* Begin XCBuildConfiguration section */
		B6A460FF1FBC5DD2000782B0 /* Debug */ = {
			isa = XCBuildConfiguration;
			buildSettings = {
				ALWAYS_SEARCH_USER_PATHS = NO;
				CLANG_ANALYZER_NONNULL = YES;
				CLANG_ANALYZER_NUMBER_OBJECT_CONVERSION = YES_AGGRESSIVE;
				CLANG_CXX_LANGUAGE_STANDARD = "gnu++14";
				CLANG_CXX_LIBRARY = "libc++";
				CLANG_ENABLE_MODULES = YES;
				CLANG_ENABLE_OBJC_ARC = YES;
				CLANG_WARN_BLOCK_CAPTURE_AUTORELEASING = YES;
				CLANG_WARN_BOOL_CONVERSION = YES;
				CLANG_WARN_COMMA = YES;
				CLANG_WARN_CONSTANT_CONVERSION = YES;
				CLANG_WARN_DIRECT_OBJC_ISA_USAGE = YES_ERROR;
				CLANG_WARN_DOCUMENTATION_COMMENTS = YES;
				CLANG_WARN_EMPTY_BODY = YES;
				CLANG_WARN_ENUM_CONVERSION = YES;
				CLANG_WARN_INFINITE_RECURSION = YES;
				CLANG_WARN_INT_CONVERSION = YES;
				CLANG_WARN_NON_LITERAL_NULL_CONVERSION = YES;
				CLANG_WARN_OBJC_LITERAL_CONVERSION = YES;
				CLANG_WARN_OBJC_ROOT_CLASS = YES_ERROR;
				CLANG_WARN_RANGE_LOOP_ANALYSIS = YES;
				CLANG_WARN_STRICT_PROTOTYPES = YES;
				CLANG_WARN_SUSPICIOUS_MOVE = YES;
				CLANG_WARN_UNGUARDED_AVAILABILITY = YES_AGGRESSIVE;
				CLANG_WARN_UNREACHABLE_CODE = YES;
				CLANG_WARN__DUPLICATE_METHOD_MATCH = YES;
				CODE_SIGN_IDENTITY = "iPhone Developer";
				COPY_PHASE_STRIP = NO;
				DEBUG_INFORMATION_FORMAT = dwarf;
				ENABLE_STRICT_OBJC_MSGSEND = YES;
				ENABLE_TESTABILITY = YES;
				GCC_C_LANGUAGE_STANDARD = gnu11;
				GCC_DYNAMIC_NO_PIC = NO;
				GCC_NO_COMMON_BLOCKS = YES;
				GCC_OPTIMIZATION_LEVEL = 0;
				GCC_PREPROCESSOR_DEFINITIONS = (
					"DEBUG=1",
					"$(inherited)",
				);
				GCC_WARN_64_TO_32_BIT_CONVERSION = YES;
				GCC_WARN_ABOUT_RETURN_TYPE = YES_ERROR;
				GCC_WARN_UNDECLARED_SELECTOR = YES;
				GCC_WARN_UNINITIALIZED_AUTOS = YES_AGGRESSIVE;
				GCC_WARN_UNUSED_FUNCTION = YES;
				GCC_WARN_UNUSED_VARIABLE = YES;
				IPHONEOS_DEPLOYMENT_TARGET = 11.1;
				MTL_ENABLE_DEBUG_INFO = YES;
				ONLY_ACTIVE_ARCH = YES;
				SDKROOT = iphoneos;
				SWIFT_ACTIVE_COMPILATION_CONDITIONS = DEBUG;
				SWIFT_OPTIMIZATION_LEVEL = "-Onone";
			};
			name = Debug;
		};
		B6A461001FBC5DD2000782B0 /* Release */ = {
			isa = XCBuildConfiguration;
			buildSettings = {
				ALWAYS_SEARCH_USER_PATHS = NO;
				CLANG_ANALYZER_NONNULL = YES;
				CLANG_ANALYZER_NUMBER_OBJECT_CONVERSION = YES_AGGRESSIVE;
				CLANG_CXX_LANGUAGE_STANDARD = "gnu++14";
				CLANG_CXX_LIBRARY = "libc++";
				CLANG_ENABLE_MODULES = YES;
				CLANG_ENABLE_OBJC_ARC = YES;
				CLANG_WARN_BLOCK_CAPTURE_AUTORELEASING = YES;
				CLANG_WARN_BOOL_CONVERSION = YES;
				CLANG_WARN_COMMA = YES;
				CLANG_WARN_CONSTANT_CONVERSION = YES;
				CLANG_WARN_DIRECT_OBJC_ISA_USAGE = YES_ERROR;
				CLANG_WARN_DOCUMENTATION_COMMENTS = YES;
				CLANG_WARN_EMPTY_BODY = YES;
				CLANG_WARN_ENUM_CONVERSION = YES;
				CLANG_WARN_INFINITE_RECURSION = YES;
				CLANG_WARN_INT_CONVERSION = YES;
				CLANG_WARN_NON_LITERAL_NULL_CONVERSION = YES;
				CLANG_WARN_OBJC_LITERAL_CONVERSION = YES;
				CLANG_WARN_OBJC_ROOT_CLASS = YES_ERROR;
				CLANG_WARN_RANGE_LOOP_ANALYSIS = YES;
				CLANG_WARN_STRICT_PROTOTYPES = YES;
				CLANG_WARN_SUSPICIOUS_MOVE = YES;
				CLANG_WARN_UNGUARDED_AVAILABILITY = YES_AGGRESSIVE;
				CLANG_WARN_UNREACHABLE_CODE = YES;
				CLANG_WARN__DUPLICATE_METHOD_MATCH = YES;
				CODE_SIGN_IDENTITY = "iPhone Developer";
				COPY_PHASE_STRIP = NO;
				DEBUG_INFORMATION_FORMAT = "dwarf-with-dsym";
				ENABLE_NS_ASSERTIONS = NO;
				ENABLE_STRICT_OBJC_MSGSEND = YES;
				GCC_C_LANGUAGE_STANDARD = gnu11;
				GCC_NO_COMMON_BLOCKS = YES;
				GCC_WARN_64_TO_32_BIT_CONVERSION = YES;
				GCC_WARN_ABOUT_RETURN_TYPE = YES_ERROR;
				GCC_WARN_UNDECLARED_SELECTOR = YES;
				GCC_WARN_UNINITIALIZED_AUTOS = YES_AGGRESSIVE;
				GCC_WARN_UNUSED_FUNCTION = YES;
				GCC_WARN_UNUSED_VARIABLE = YES;
				IPHONEOS_DEPLOYMENT_TARGET = 11.1;
				MTL_ENABLE_DEBUG_INFO = NO;
				SDKROOT = iphoneos;
				SWIFT_OPTIMIZATION_LEVEL = "-Owholemodule";
				VALIDATE_PRODUCT = YES;
			};
			name = Release;
		};
		B6A461021FBC5DD2000782B0 /* Debug */ = {
			isa = XCBuildConfiguration;
			baseConfigurationReference = 57E5C8F68EBB0A18AC0702F7 /* Pods-ModuleContainerExample.debug.xcconfig */;
			buildSettings = {
				ASSETCATALOG_COMPILER_APPICON_NAME = AppIcon;
				CODE_SIGN_STYLE = Automatic;
				INFOPLIST_FILE = ModuleContainerExample/Info.plist;
				LD_RUNPATH_SEARCH_PATHS = "$(inherited) @executable_path/Frameworks";
				PRODUCT_BUNDLE_IDENTIFIER = com.yy.jeffery.ModuleContainerExample;
				PRODUCT_NAME = "$(TARGET_NAME)";
				SWIFT_VERSION = 4.0;
				TARGETED_DEVICE_FAMILY = "1,2";
			};
			name = Debug;
		};
		B6A461031FBC5DD2000782B0 /* Release */ = {
			isa = XCBuildConfiguration;
			baseConfigurationReference = 0893D421BEAA1560A323ABD7 /* Pods-ModuleContainerExample.release.xcconfig */;
			buildSettings = {
				ASSETCATALOG_COMPILER_APPICON_NAME = AppIcon;
				CODE_SIGN_STYLE = Automatic;
				INFOPLIST_FILE = ModuleContainerExample/Info.plist;
				LD_RUNPATH_SEARCH_PATHS = "$(inherited) @executable_path/Frameworks";
				PRODUCT_BUNDLE_IDENTIFIER = com.yy.jeffery.ModuleContainerExample;
				PRODUCT_NAME = "$(TARGET_NAME)";
				SWIFT_VERSION = 4.0;
				TARGETED_DEVICE_FAMILY = "1,2";
			};
			name = Release;
		};
/* End XCBuildConfiguration section */

/* Begin XCConfigurationList section */
		B6A460EA1FBC5DD2000782B0 /* Build configuration list for PBXProject "ModuleContainerExample" */ = {
			isa = XCConfigurationList;
			buildConfigurations = (
				B6A460FF1FBC5DD2000782B0 /* Debug */,
				B6A461001FBC5DD2000782B0 /* Release */,
			);
			defaultConfigurationIsVisible = 0;
			defaultConfigurationName = Release;
		};
		B6A461011FBC5DD2000782B0 /* Build configuration list for PBXNativeTarget "ModuleContainerExample" */ = {
			isa = XCConfigurationList;
			buildConfigurations = (
				B6A461021FBC5DD2000782B0 /* Debug */,
				B6A461031FBC5DD2000782B0 /* Release */,
			);
			defaultConfigurationIsVisible = 0;
			defaultConfigurationName = Release;
		};
/* End XCConfigurationList section */
	};
	rootObject = B6A460E71FBC5DD2000782B0 /* Project object */;
}
